
Microsoft Visual Studio Solution File, Format Version 12.00
# Visual Studio Version 17
VisualStudioVersion = 17.7.34024.191
MinimumVisualStudioVersion = 10.0.40219.1
Project("{FAE04EC0-301F-11D3-BF4B-00C04F79EFBC}") = "game", "game.csproj", "{D531205D-7FC4-4FF9-BD49-4E3422E0EE4E}"
EndProject
Global
	GlobalSection(SolutionConfigurationPlatforms) = preSolution
		Debug|Any CPU = Debug|Any CPU
		Release|Any CPU = Release|Any CPU
	EndGlobalSection
	GlobalSection(ProjectConfigurationPlatforms) = postSolution
		{D531205D-7FC4-4FF9-BD49-4E3422E0EE4E}.Debug|Any CPU.ActiveCfg = Debug|Any CPU
		{D531205D-7FC4-4FF9-BD49-4E3422E0EE4E}.Debug|Any CPU.Build.0 = Debug|Any CPU
		{D531205D-7FC4-4FF9-BD49-4E3422E0EE4E}.Release|Any CPU.ActiveCfg = Release|Any CPU
		{D531205D-7FC4-4FF9-BD49-4E3422E0EE4E}.Release|Any CPU.Build.0 = Release|Any CPU
	EndGlobalSection
	GlobalSection(SolutionProperties) = preSolution
		HideSolutionNode = FALSE
	EndGlobalSection
	GlobalSection(ExtensibilityGlobals) = postSolution
		SolutionGuid = {A9943D5E-93C9-47D8-9FF4-B392074D5D89}
	EndGlobalSection
EndGlobal
